
Microsoft Visual Studio Solution File, Format Version 12.00
# Visual Studio Version 17
VisualStudioVersion = 17.4.32804.182
MinimumVisualStudioVersion = 10.0.40219.1
Project("{FAE04EC0-301F-11D3-BF4B-00C04F79EFBC}") = "KryptoLab1BBS", "KryptoLab1BBS\KryptoLab1BBS.csproj", "{3EB1C89D-BAB0-4694-B711-96F862A6A87F}"
EndProject
Project("{FAE04EC0-301F-11D3-BF4B-00C04F79EFBC}") = "TestBBS", "TestBBS\TestBBS.csproj", "{1A66DAAC-1E3B-4467-987C-28844E7F28FC}"
EndProject
Global
	GlobalSection(SolutionConfigurationPlatforms) = preSolution
		Debug|Any CPU = Debug|Any CPU
		Release|Any CPU = Release|Any CPU
	EndGlobalSection
	GlobalSection(ProjectConfigurationPlatforms) = postSolution
		{3EB1C89D-BAB0-4694-B711-96F862A6A87F}.Debug|Any CPU.ActiveCfg = Debug|Any CPU
		{3EB1C89D-BAB0-4694-B711-96F862A6A87F}.Debug|Any CPU.Build.0 = Debug|Any CPU
		{3EB1C89D-BAB0-4694-B711-96F862A6A87F}.Release|Any CPU.ActiveCfg = Release|Any CPU
		{3EB1C89D-BAB0-4694-B711-96F862A6A87F}.Release|Any CPU.Build.0 = Release|Any CPU
		{1A66DAAC-1E3B-4467-987C-28844E7F28FC}.Debug|Any CPU.ActiveCfg = Debug|Any CPU
		{1A66DAAC-1E3B-4467-987C-28844E7F28FC}.Debug|Any CPU.Build.0 = Debug|Any CPU
		{1A66DAAC-1E3B-4467-987C-28844E7F28FC}.Release|Any CPU.ActiveCfg = Release|Any CPU
		{1A66DAAC-1E3B-4467-987C-28844E7F28FC}.Release|Any CPU.Build.0 = Release|Any CPU
	EndGlobalSection
	GlobalSection(SolutionProperties) = preSolution
		HideSolutionNode = FALSE
	EndGlobalSection
	GlobalSection(ExtensibilityGlobals) = postSolution
		SolutionGuid = {6A4DC867-9981-4608-A0A1-2AED6627C25C}
	EndGlobalSection
EndGlobal
