
Microsoft Visual Studio Solution File, Format Version 12.00
# Visual Studio Version 17
VisualStudioVersion = 17.4.32804.182
MinimumVisualStudioVersion = 10.0.40219.1
Project("{9A19103F-16F7-4668-BE54-9A1E7A4F7556}") = "KryptoLab1BBS", "KryptoLab1BBS\KryptoLab1BBS.csproj", "{3EB1C89D-BAB0-4694-B711-96F862A6A87F}"
EndProject
Project("{9A19103F-16F7-4668-BE54-9A1E7A4F7556}") = "TestBBS", "TestBBS\TestBBS.csproj", "{1A66DAAC-1E3B-4467-987C-28844E7F28FC}"
EndProject
Project("{9A19103F-16F7-4668-BE54-9A1E7A4F7556}") = "MathUtils", "MathUtils\MathUtils.csproj", "{FF5A507A-3016-4023-96DB-DE9436125783}"
EndProject
Project("{9A19103F-16F7-4668-BE54-9A1E7A4F7556}") = "RSA", "RSA\RSA.csproj", "{290D72B5-540A-4318-9DAE-6BC73481292B}"
EndProject
Project("{FAE04EC0-301F-11D3-BF4B-00C04F79EFBC}") = "DH", "DH\DH.csproj", "{16934A93-0786-45EA-918E-C215890BBD35}"
EndProject
Global
	GlobalSection(SolutionConfigurationPlatforms) = preSolution
		Debug|Any CPU = Debug|Any CPU
		Release|Any CPU = Release|Any CPU
	EndGlobalSection
	GlobalSection(ProjectConfigurationPlatforms) = postSolution
		{3EB1C89D-BAB0-4694-B711-96F862A6A87F}.Debug|Any CPU.ActiveCfg = Debug|Any CPU
		{3EB1C89D-BAB0-4694-B711-96F862A6A87F}.Debug|Any CPU.Build.0 = Debug|Any CPU
		{3EB1C89D-BAB0-4694-B711-96F862A6A87F}.Release|Any CPU.ActiveCfg = Release|Any CPU
		{3EB1C89D-BAB0-4694-B711-96F862A6A87F}.Release|Any CPU.Build.0 = Release|Any CPU
		{1A66DAAC-1E3B-4467-987C-28844E7F28FC}.Debug|Any CPU.ActiveCfg = Debug|Any CPU
		{1A66DAAC-1E3B-4467-987C-28844E7F28FC}.Debug|Any CPU.Build.0 = Debug|Any CPU
		{1A66DAAC-1E3B-4467-987C-28844E7F28FC}.Release|Any CPU.ActiveCfg = Release|Any CPU
		{1A66DAAC-1E3B-4467-987C-28844E7F28FC}.Release|Any CPU.Build.0 = Release|Any CPU
		{FF5A507A-3016-4023-96DB-DE9436125783}.Debug|Any CPU.ActiveCfg = Debug|Any CPU
		{FF5A507A-3016-4023-96DB-DE9436125783}.Debug|Any CPU.Build.0 = Debug|Any CPU
		{FF5A507A-3016-4023-96DB-DE9436125783}.Release|Any CPU.ActiveCfg = Release|Any CPU
		{FF5A507A-3016-4023-96DB-DE9436125783}.Release|Any CPU.Build.0 = Release|Any CPU
		{290D72B5-540A-4318-9DAE-6BC73481292B}.Debug|Any CPU.ActiveCfg = Debug|Any CPU
		{290D72B5-540A-4318-9DAE-6BC73481292B}.Debug|Any CPU.Build.0 = Debug|Any CPU
		{290D72B5-540A-4318-9DAE-6BC73481292B}.Release|Any CPU.ActiveCfg = Release|Any CPU
		{290D72B5-540A-4318-9DAE-6BC73481292B}.Release|Any CPU.Build.0 = Release|Any CPU
		{16934A93-0786-45EA-918E-C215890BBD35}.Debug|Any CPU.ActiveCfg = Debug|Any CPU
		{16934A93-0786-45EA-918E-C215890BBD35}.Debug|Any CPU.Build.0 = Debug|Any CPU
		{16934A93-0786-45EA-918E-C215890BBD35}.Release|Any CPU.ActiveCfg = Release|Any CPU
		{16934A93-0786-45EA-918E-C215890BBD35}.Release|Any CPU.Build.0 = Release|Any CPU
	EndGlobalSection
	GlobalSection(SolutionProperties) = preSolution
		HideSolutionNode = FALSE
	EndGlobalSection
	GlobalSection(ExtensibilityGlobals) = postSolution
		SolutionGuid = {6A4DC867-9981-4608-A0A1-2AED6627C25C}
	EndGlobalSection
EndGlobal
